
Microsoft Visual Studio Solution File, Format Version 12.00
# Visual Studio Version 16
VisualStudioVersion = 16.0.30204.135
MinimumVisualStudioVersion = 10.0.40219.1
Project("{FAE04EC0-301F-11D3-BF4B-00C04F79EFBC}") = "ExecPolimorfimosEmployee", "ExecPolimorfimosEmployee\ExecPolimorfimosEmployee.csproj", "{3BD21515-7532-46C6-9981-84C9379AA35B}"
EndProject
Global
	GlobalSection(SolutionConfigurationPlatforms) = preSolution
		Debug|Any CPU = Debug|Any CPU
		Release|Any CPU = Release|Any CPU
	EndGlobalSection
	GlobalSection(ProjectConfigurationPlatforms) = postSolution
		{3BD21515-7532-46C6-9981-84C9379AA35B}.Debug|Any CPU.ActiveCfg = Debug|Any CPU
		{3BD21515-7532-46C6-9981-84C9379AA35B}.Debug|Any CPU.Build.0 = Debug|Any CPU
		{3BD21515-7532-46C6-9981-84C9379AA35B}.Release|Any CPU.ActiveCfg = Release|Any CPU
		{3BD21515-7532-46C6-9981-84C9379AA35B}.Release|Any CPU.Build.0 = Release|Any CPU
	EndGlobalSection
	GlobalSection(SolutionProperties) = preSolution
		HideSolutionNode = FALSE
	EndGlobalSection
	GlobalSection(ExtensibilityGlobals) = postSolution
		SolutionGuid = {51DBBBE4-04CD-4C2F-90C7-003B81A64A78}
	EndGlobalSection
EndGlobal
